// !$*UTF8*$!
{
	archiveVersion = 1;
	classes = {
	};
	objectVersion = 50;
	objects = {

/* Begin PBXBuildFile section */
		984F1455231A942100C6625F /* AppDelegate.swift in Sources */ = {isa = PBXBuildFile; fileRef = 984F1454231A942100C6625F /* AppDelegate.swift */; };
		984F1457231A942100C6625F /* ViewController.swift in Sources */ = {isa = PBXBuildFile; fileRef = 984F1456231A942100C6625F /* ViewController.swift */; };
		984F145A231A942100C6625F /* Main.storyboard in Resources */ = {isa = PBXBuildFile; fileRef = 984F1458231A942100C6625F /* Main.storyboard */; };
		984F145C231A942200C6625F /* Assets.xcassets in Resources */ = {isa = PBXBuildFile; fileRef = 984F145B231A942200C6625F /* Assets.xcassets */; };
		984F145F231A942200C6625F /* LaunchScreen.storyboard in Resources */ = {isa = PBXBuildFile; fileRef = 984F145D231A942200C6625F /* LaunchScreen.storyboard */; };
		984F146A231A942200C6625F /* demoTests.swift in Sources */ = {isa = PBXBuildFile; fileRef = 984F1469231A942200C6625F /* demoTests.swift */; };
		984F1475231A942200C6625F /* demoUITests.swift in Sources */ = {isa = PBXBuildFile; fileRef = 984F1474231A942200C6625F /* demoUITests.swift */; };
/* End PBXBuildFile section */

/* Begin PBXContainerItemProxy section */
		984F1466231A942200C6625F /* PBXContainerItemProxy */ = {
			isa = PBXContainerItemProxy;
			containerPortal = 984F1449231A942100C6625F /* Project object */;
			proxyType = 1;
			remoteGlobalIDString = 984F1450231A942100C6625F;
			remoteInfo = demo;
		};
		984F1471231A942200C6625F /* PBXContainerItemProxy */ = {
			isa = PBXContainerItemProxy;
			containerPortal = 984F1449231A942100C6625F /* Project object */;
			proxyType = 1;
			remoteGlobalIDString = 984F1450231A942100C6625F;
			remoteInfo = demo;
		};
/* End PBXContainerItemProxy section */

/* Begin PBXFileReference section */
		984F1451231A942100C6625F /* demo.app */ = {isa = PBXFileReference; explicitFileType = wrapper.application; includeInIndex = 0; path = demo.app; sourceTree = BUILT_PRODUCTS_DIR; };
		984F1454231A942100C6625F /* AppDelegate.swift */ = {isa = PBXFileReference; lastKnownFileType = sourcecode.swift; path = AppDelegate.swift; sourceTree = "<group>"; };
		984F1456231A942100C6625F /* ViewController.swift */ = {isa = PBXFileReference; lastKnownFileType = sourcecode.swift; path = ViewController.swift; sourceTree = "<group>"; };
		984F1459231A942100C6625F /* Base */ = {isa = PBXFileReference; lastKnownFileType = file.storyboard; name = Base; path = Base.lproj/Main.storyboard; sourceTree = "<group>"; };
		984F145B231A942200C6625F /* Assets.xcassets */ = {isa = PBXFileReference; lastKnownFileType = folder.assetcatalog; path = Assets.xcassets; sourceTree = "<group>"; };
		984F145E231A942200C6625F /* Base */ = {isa = PBXFileReference; lastKnownFileType = file.storyboard; name = Base; path = Base.lproj/LaunchScreen.storyboard; sourceTree = "<group>"; };
		984F1460231A942200C6625F /* Info.plist */ = {isa = PBXFileReference; lastKnownFileType = text.plist.xml; path = Info.plist; sourceTree = "<group>"; };
		984F1465231A942200C6625F /* demoTests.xctest */ = {isa = PBXFileReference; explicitFileType = wrapper.cfbundle; includeInIndex = 0; path = demoTests.xctest; sourceTree = BUILT_PRODUCTS_DIR; };
		984F1469231A942200C6625F /* demoTests.swift */ = {isa = PBXFileReference; lastKnownFileType = sourcecode.swift; path = demoTests.swift; sourceTree = "<group>"; };
		984F146B231A942200C6625F /* Info.plist */ = {isa = PBXFileReference; lastKnownFileType = text.plist.xml; path = Info.plist; sourceTree = "<group>"; };
		984F1470231A942200C6625F /* demoUITests.xctest */ = {isa = PBXFileReference; explicitFileType = wrapper.cfbundle; includeInIndex = 0; path = demoUITests.xctest; sourceTree = BUILT_PRODUCTS_DIR; };
		984F1474231A942200C6625F /* demoUITests.swift */ = {isa = PBXFileReference; lastKnownFileType = sourcecode.swift; path = demoUITests.swift; sourceTree = "<group>"; };
		984F1476231A942200C6625F /* Info.plist */ = {isa = PBXFileReference; lastKnownFileType = text.plist.xml; path = Info.plist; sourceTree = "<group>"; };
/* End PBXFileReference section */

/* Begin PBXFrameworksBuildPhase section */
		984F144E231A942100C6625F /* Frameworks */ = {
			isa = PBXFrameworksBuildPhase;
			buildActionMask = 2147483647;
			files = (
			);
			runOnlyForDeploymentPostprocessing = 0;
		};
		984F1462231A942200C6625F /* Frameworks */ = {
			isa = PBXFrameworksBuildPhase;
			buildActionMask = 2147483647;
			files = (
			);
			runOnlyForDeploymentPostprocessing = 0;
		};
		984F146D231A942200C6625F /* Frameworks */ = {
			isa = PBXFrameworksBuildPhase;
			buildActionMask = 2147483647;
			files = (
			);
			runOnlyForDeploymentPostprocessing = 0;
		};
/* End PBXFrameworksBuildPhase section */

/* Begin PBXGroup section */
		984F1448231A942100C6625F = {
			isa = PBXGroup;
			children = (
				984F1453231A942100C6625F /* demo */,
				984F1468231A942200C6625F /* demoTests */,
				984F1473231A942200C6625F /* demoUITests */,
				984F1452231A942100C6625F /* Products */,
			);
			sourceTree = "<group>";
		};
		984F1452231A942100C6625F /* Products */ = {
			isa = PBXGroup;
			children = (
				984F1451231A942100C6625F /* demo.app */,
				984F1465231A942200C6625F /* demoTests.xctest */,
				984F1470231A942200C6625F /* demoUITests.xctest */,
			);
			name = Products;
			sourceTree = "<group>";
		};
		984F1453231A942100C6625F /* demo */ = {
			isa = PBXGroup;
			children = (
				984F1454231A942100C6625F /* AppDelegate.swift */,
				984F1456231A942100C6625F /* ViewController.swift */,
				984F1458231A942100C6625F /* Main.storyboard */,
				984F145B231A942200C6625F /* Assets.xcassets */,
				984F145D231A942200C6625F /* LaunchScreen.storyboard */,
				984F1460231A942200C6625F /* Info.plist */,
			);
			path = demo;
			sourceTree = "<group>";
		};
		984F1468231A942200C6625F /* demoTests */ = {
			isa = PBXGroup;
			children = (
				984F1469231A942200C6625F /* demoTests.swift */,
				984F146B231A942200C6625F /* Info.plist */,
			);
			path = demoTests;
			sourceTree = "<group>";
		};
		984F1473231A942200C6625F /* demoUITests */ = {
			isa = PBXGroup;
			children = (
				984F1474231A942200C6625F /* demoUITests.swift */,
				984F1476231A942200C6625F /* Info.plist */,
			);
			path = demoUITests;
			sourceTree = "<group>";
		};
/* End PBXGroup section */

/* Begin PBXNativeTarget section */
		984F1450231A942100C6625F /* demo */ = {
			isa = PBXNativeTarget;
			buildConfigurationList = 984F1479231A942200C6625F /* Build configuration list for PBXNativeTarget "demo" */;
			buildPhases = (
				984F144D231A942100C6625F /* Sources */,
				984F144E231A942100C6625F /* Frameworks */,
				984F144F231A942100C6625F /* Resources */,
			);
			buildRules = (
			);
			dependencies = (
			);
			name = demo;
			productName = demo;
			productReference = 984F1451231A942100C6625F /* demo.app */;
			productType = "com.apple.product-type.application";
		};
		984F1464231A942200C6625F /* demoTests */ = {
			isa = PBXNativeTarget;
			buildConfigurationList = 984F147C231A942200C6625F /* Build configuration list for PBXNativeTarget "demoTests" */;
			buildPhases = (
				984F1461231A942200C6625F /* Sources */,
				984F1462231A942200C6625F /* Frameworks */,
				984F1463231A942200C6625F /* Resources */,
			);
			buildRules = (
			);
			dependencies = (
				984F1467231A942200C6625F /* PBXTargetDependency */,
			);
			name = demoTests;
			productName = demoTests;
			productReference = 984F1465231A942200C6625F /* demoTests.xctest */;
			productType = "com.apple.product-type.bundle.unit-test";
		};
		984F146F231A942200C6625F /* demoUITests */ = {
			isa = PBXNativeTarget;
			buildConfigurationList = 984F147F231A942200C6625F /* Build configuration list for PBXNativeTarget "demoUITests" */;
			buildPhases = (
				984F146C231A942200C6625F /* Sources */,
				984F146D231A942200C6625F /* Frameworks */,
				984F146E231A942200C6625F /* Resources */,
			);
			buildRules = (
			);
			dependencies = (
				984F1472231A942200C6625F /* PBXTargetDependency */,
			);
			name = demoUITests;
			productName = demoUITests;
			productReference = 984F1470231A942200C6625F /* demoUITests.xctest */;
			productType = "com.apple.product-type.bundle.ui-testing";
		};
/* End PBXNativeTarget section */

/* Begin PBXProject section */
		984F1449231A942100C6625F /* Project object */ = {
			isa = PBXProject;
			attributes = {
				LastSwiftUpdateCheck = 1010;
				LastUpgradeCheck = 1010;
				ORGANIZATIONNAME = "PADALA G S N VENKATA REDDY";
				TargetAttributes = {
					984F1450231A942100C6625F = {
						CreatedOnToolsVersion = 10.1;
					};
					984F1464231A942200C6625F = {
						CreatedOnToolsVersion = 10.1;
						TestTargetID = 984F1450231A942100C6625F;
					};
					984F146F231A942200C6625F = {
						CreatedOnToolsVersion = 10.1;
						TestTargetID = 984F1450231A942100C6625F;
					};
				};
			};
			buildConfigurationList = 984F144C231A942100C6625F /* Build configuration list for PBXProject "demo" */;
			compatibilityVersion = "Xcode 9.3";
			developmentRegion = en;
			hasScannedForEncodings = 0;
			knownRegions = (
				en,
				Base,
			);
			mainGroup = 984F1448231A942100C6625F;
			productRefGroup = 984F1452231A942100C6625F /* Products */;
			projectDirPath = "";
			projectRoot = "";
			targets = (
				984F1450231A942100C6625F /* demo */,
				984F1464231A942200C6625F /* demoTests */,
				984F146F231A942200C6625F /* demoUITests */,
			);
		};
/* End PBXProject section */

/* Begin PBXResourcesBuildPhase section */
		984F144F231A942100C6625F /* Resources */ = {
			isa = PBXResourcesBuildPhase;
			buildActionMask = 2147483647;
			files = (
				984F145F231A942200C6625F /* LaunchScreen.storyboard in Resources */,
				984F145C231A942200C6625F /* Assets.xcassets in Resources */,
				984F145A231A942100C6625F /* Main.storyboard in Resources */,
			);
			runOnlyForDeploymentPostprocessing = 0;
		};
		984F1463231A942200C6625F /* Resources */ = {
			isa = PBXResourcesBuildPhase;
			buildActionMask = 2147483647;
			files = (
			);
			runOnlyForDeploymentPostprocessing = 0;
		};
		984F146E231A942200C6625F /* Resources */ = {
			isa = PBXResourcesBuildPhase;
			buildActionMask = 2147483647;
			files = (
			);
			runOnlyForDeploymentPostprocessing = 0;
		};
/* End PBXResourcesBuildPhase section */

/* Begin PBXSourcesBuildPhase section */
		984F144D231A942100C6625F /* Sources */ = {
			isa = PBXSourcesBuildPhase;
			buildActionMask = 2147483647;
			files = (
				984F1457231A942100C6625F /* ViewController.swift in Sources */,
				984F1455231A942100C6625F /* AppDelegate.swift in Sources */,
			);
			runOnlyForDeploymentPostprocessing = 0;
		};
		984F1461231A942200C6625F /* Sources */ = {
			isa = PBXSourcesBuildPhase;
			buildActionMask = 2147483647;
			files = (
				984F146A231A942200C6625F /* demoTests.swift in Sources */,
			);
			runOnlyForDeploymentPostprocessing = 0;
		};
		984F146C231A942200C6625F /* Sources */ = {
			isa = PBXSourcesBuildPhase;
			buildActionMask = 2147483647;
			files = (
				984F1475231A942200C6625F /* demoUITests.swift in Sources */,
			);
			runOnlyForDeploymentPostprocessing = 0;
		};
/* End PBXSourcesBuildPhase section */

/* Begin PBXTargetDependency section */
		984F1467231A942200C6625F /* PBXTargetDependency */ = {
			isa = PBXTargetDependency;
			target = 984F1450231A942100C6625F /* demo */;
			targetProxy = 984F1466231A942200C6625F /* PBXContainerItemProxy */;
		};
		984F1472231A942200C6625F /* PBXTargetDependency */ = {
			isa = PBXTargetDependency;
			target = 984F1450231A942100C6625F /* demo */;
			targetProxy = 984F1471231A942200C6625F /* PBXContainerItemProxy */;
		};
/* End PBXTargetDependency section */

/* Begin PBXVariantGroup section */
		984F1458231A942100C6625F /* Main.storyboard */ = {
			isa = PBXVariantGroup;
			children = (
				984F1459231A942100C6625F /* Base */,
			);
			name = Main.storyboard;
			sourceTree = "<group>";
		};
		984F145D231A942200C6625F /* LaunchScreen.storyboard */ = {
			isa = PBXVariantGroup;
			children = (
				984F145E231A942200C6625F /* Base */,
			);
			name = LaunchScreen.storyboard;
			sourceTree = "<group>";
		};
/* End PBXVariantGroup section */

/* Begin XCBuildConfiguration section */
		984F1477231A942200C6625F /* Debug */ = {
			isa = XCBuildConfiguration;
			buildSettings = {
				ALWAYS_SEARCH_USER_PATHS = NO;
				CLANG_ANALYZER_NONNULL = YES;
				CLANG_ANALYZER_NUMBER_OBJECT_CONVERSION = YES_AGGRESSIVE;
				CLANG_CXX_LANGUAGE_STANDARD = "gnu++14";
				CLANG_CXX_LIBRARY = "libc++";
				CLANG_ENABLE_MODULES = YES;
				CLANG_ENABLE_OBJC_ARC = YES;
				CLANG_ENABLE_OBJC_WEAK = YES;
				CLANG_WARN_BLOCK_CAPTURE_AUTORELEASING = YES;
				CLANG_WARN_BOOL_CONVERSION = YES;
				CLANG_WARN_COMMA = YES;
				CLANG_WARN_CONSTANT_CONVERSION = YES;
				CLANG_WARN_DEPRECATED_OBJC_IMPLEMENTATIONS = YES;
				CLANG_WARN_DIRECT_OBJC_ISA_USAGE = YES_ERROR;
				CLANG_WARN_DOCUMENTATION_COMMENTS = YES;
				CLANG_WARN_EMPTY_BODY = YES;
				CLANG_WARN_ENUM_CONVERSION = YES;
				CLANG_WARN_INFINITE_RECURSION = YES;
				CLANG_WARN_INT_CONVERSION = YES;
				CLANG_WARN_NON_LITERAL_NULL_CONVERSION = YES;
				CLANG_WARN_OBJC_IMPLICIT_RETAIN_SELF = YES;
				CLANG_WARN_OBJC_LITERAL_CONVERSION = YES;
				CLANG_WARN_OBJC_ROOT_CLASS = YES_ERROR;
				CLANG_WARN_RANGE_LOOP_ANALYSIS = YES;
				CLANG_WARN_STRICT_PROTOTYPES = YES;
				CLANG_WARN_SUSPICIOUS_MOVE = YES;
				CLANG_WARN_UNGUARDED_AVAILABILITY = YES_AGGRESSIVE;
				CLANG_WARN_UNREACHABLE_CODE = YES;
				CLANG_WARN__DUPLICATE_METHOD_MATCH = YES;
				CODE_SIGN_IDENTITY = "iPhone Developer";
				COPY_PHASE_STRIP = NO;
				DEBUG_INFORMATION_FORMAT = dwarf;
				ENABLE_STRICT_OBJC_MSGSEND = YES;
				ENABLE_TESTABILITY = YES;
				GCC_C_LANGUAGE_STANDARD = gnu11;
				GCC_DYNAMIC_NO_PIC = NO;
				GCC_NO_COMMON_BLOCKS = YES;
				GCC_OPTIMIZATION_LEVEL = 0;
				GCC_PREPROCESSOR_DEFINITIONS = (
					"DEBUG=1",
					"$(inherited)",
				);
				GCC_WARN_64_TO_32_BIT_CONVERSION = YES;
				GCC_WARN_ABOUT_RETURN_TYPE = YES_ERROR;
				GCC_WARN_UNDECLARED_SELECTOR = YES;
				GCC_WARN_UNINITIALIZED_AUTOS = YES_AGGRESSIVE;
				GCC_WARN_UNUSED_FUNCTION = YES;
				GCC_WARN_UNUSED_VARIABLE = YES;
				IPHONEOS_DEPLOYMENT_TARGET = 12.1;
				MTL_ENABLE_DEBUG_INFO = INCLUDE_SOURCE;
				MTL_FAST_MATH = YES;
				ONLY_ACTIVE_ARCH = YES;
				SDKROOT = iphoneos;
				SWIFT_ACTIVE_COMPILATION_CONDITIONS = DEBUG;
				SWIFT_OPTIMIZATION_LEVEL = "-Onone";
			};
			name = Debug;
		};
		984F1478231A942200C6625F /* Release */ = {
			isa = XCBuildConfiguration;
			buildSettings = {
				ALWAYS_SEARCH_USER_PATHS = NO;
				CLANG_ANALYZER_NONNULL = YES;
				CLANG_ANALYZER_NUMBER_OBJECT_CONVERSION = YES_AGGRESSIVE;
				CLANG_CXX_LANGUAGE_STANDARD = "gnu++14";
				CLANG_CXX_LIBRARY = "libc++";
				CLANG_ENABLE_MODULES = YES;
				CLANG_ENABLE_OBJC_ARC = YES;
				CLANG_ENABLE_OBJC_WEAK = YES;
				CLANG_WARN_BLOCK_CAPTURE_AUTORELEASING = YES;
				CLANG_WARN_BOOL_CONVERSION = YES;
				CLANG_WARN_COMMA = YES;
				CLANG_WARN_CONSTANT_CONVERSION = YES;
				CLANG_WARN_DEPRECATED_OBJC_IMPLEMENTATIONS = YES;
				CLANG_WARN_DIRECT_OBJC_ISA_USAGE = YES_ERROR;
				CLANG_WARN_DOCUMENTATION_COMMENTS = YES;
				CLANG_WARN_EMPTY_BODY = YES;
				CLANG_WARN_ENUM_CONVERSION = YES;
				CLANG_WARN_INFINITE_RECURSION = YES;
				CLANG_WARN_INT_CONVERSION = YES;
				CLANG_WARN_NON_LITERAL_NULL_CONVERSION = YES;
				CLANG_WARN_OBJC_IMPLICIT_RETAIN_SELF = YES;
				CLANG_WARN_OBJC_LITERAL_CONVERSION = YES;
				CLANG_WARN_OBJC_ROOT_CLASS = YES_ERROR;
				CLANG_WARN_RANGE_LOOP_ANALYSIS = YES;
				CLANG_WARN_STRICT_PROTOTYPES = YES;
				CLANG_WARN_SUSPICIOUS_MOVE = YES;
				CLANG_WARN_UNGUARDED_AVAILABILITY = YES_AGGRESSIVE;
				CLANG_WARN_UNREACHABLE_CODE = YES;
				CLANG_WARN__DUPLICATE_METHOD_MATCH = YES;
				CODE_SIGN_IDENTITY = "iPhone Developer";
				COPY_PHASE_STRIP = NO;
				DEBUG_INFORMATION_FORMAT = "dwarf-with-dsym";
				ENABLE_NS_ASSERTIONS = NO;
				ENABLE_STRICT_OBJC_MSGSEND = YES;
				GCC_C_LANGUAGE_STANDARD = gnu11;
				GCC_NO_COMMON_BLOCKS = YES;
				GCC_WARN_64_TO_32_BIT_CONVERSION = YES;
				GCC_WARN_ABOUT_RETURN_TYPE = YES_ERROR;
				GCC_WARN_UNDECLARED_SELECTOR = YES;
				GCC_WARN_UNINITIALIZED_AUTOS = YES_AGGRESSIVE;
				GCC_WARN_UNUSED_FUNCTION = YES;
				GCC_WARN_UNUSED_VARIABLE = YES;
				IPHONEOS_DEPLOYMENT_TARGET = 12.1;
				MTL_ENABLE_DEBUG_INFO = NO;
				MTL_FAST_MATH = YES;
				SDKROOT = iphoneos;
				SWIFT_COMPILATION_MODE = wholemodule;
				SWIFT_OPTIMIZATION_LEVEL = "-O";
				VALIDATE_PRODUCT = YES;
			};
			name = Release;
		};
		984F147A231A942200C6625F /* Debug */ = {
			isa = XCBuildConfiguration;
			buildSettings = {
				ASSETCATALOG_COMPILER_APPICON_NAME = AppIcon;
				CODE_SIGN_STYLE = Automatic;
				INFOPLIST_FILE = demo/Info.plist;
				LD_RUNPATH_SEARCH_PATHS = (
					"$(inherited)",
					"@executable_path/Frameworks",
				);
				PRODUCT_BUNDLE_IDENTIFIER = brn.demo;
				PRODUCT_NAME = "$(TARGET_NAME)";
				SWIFT_VERSION = 4.2;
				TARGETED_DEVICE_FAMILY = "1,2";
			};
			name = Debug;
		};
		984F147B231A942200C6625F /* Release */ = {
			isa = XCBuildConfiguration;
			buildSettings = {
				ASSETCATALOG_COMPILER_APPICON_NAME = AppIcon;
				CODE_SIGN_STYLE = Automatic;
				INFOPLIST_FILE = demo/Info.plist;
				LD_RUNPATH_SEARCH_PATHS = (
					"$(inherited)",
					"@executable_path/Frameworks",
				);
				PRODUCT_BUNDLE_IDENTIFIER = brn.demo;
				PRODUCT_NAME = "$(TARGET_NAME)";
				SWIFT_VERSION = 4.2;
				TARGETED_DEVICE_FAMILY = "1,2";
			};
			name = Release;
		};
		984F147D231A942200C6625F /* Debug */ = {
			isa = XCBuildConfiguration;
			buildSettings = {
				ALWAYS_EMBED_SWIFT_STANDARD_LIBRARIES = YES;
				BUNDLE_LOADER = "$(TEST_HOST)";
				CODE_SIGN_STYLE = Automatic;
				INFOPLIST_FILE = demoTests/Info.plist;
				LD_RUNPATH_SEARCH_PATHS = (
					"$(inherited)",
					"@executable_path/Frameworks",
					"@loader_path/Frameworks",
				);
				PRODUCT_BUNDLE_IDENTIFIER = brn.demoTests;
				PRODUCT_NAME = "$(TARGET_NAME)";
				SWIFT_VERSION = 4.2;
				TARGETED_DEVICE_FAMILY = "1,2";
				TEST_HOST = "$(BUILT_PRODUCTS_DIR)/demo.app/demo";
			};
			name = Debug;
		};
		984F147E231A942200C6625F /* Release */ = {
			isa = XCBuildConfiguration;
			buildSettings = {
				ALWAYS_EMBED_SWIFT_STANDARD_LIBRARIES = YES;
				BUNDLE_LOADER = "$(TEST_HOST)";
				CODE_SIGN_STYLE = Automatic;
				INFOPLIST_FILE = demoTests/Info.plist;
				LD_RUNPATH_SEARCH_PATHS = (
					"$(inherited)",
					"@executable_path/Frameworks",
					"@loader_path/Frameworks",
				);
				PRODUCT_BUNDLE_IDENTIFIER = brn.demoTests;
				PRODUCT_NAME = "$(TARGET_NAME)";
				SWIFT_VERSION = 4.2;
				TARGETED_DEVICE_FAMILY = "1,2";
				TEST_HOST = "$(BUILT_PRODUCTS_DIR)/demo.app/demo";
			};
			name = Release;
		};
		984F1480231A942200C6625F /* Debug */ = {
			isa = XCBuildConfiguration;
			buildSettings = {
				ALWAYS_EMBED_SWIFT_STANDARD_LIBRARIES = YES;
				CODE_SIGN_STYLE = Automatic;
				INFOPLIST_FILE = demoUITests/Info.plist;
				LD_RUNPATH_SEARCH_PATHS = (
					"$(inherited)",
					"@executable_path/Frameworks",
					"@loader_path/Frameworks",
				);
				PRODUCT_BUNDLE_IDENTIFIER = brn.demoUITests;
				PRODUCT_NAME = "$(TARGET_NAME)";
				SWIFT_VERSION = 4.2;
				TARGETED_DEVICE_FAMILY = "1,2";
				TEST_TARGET_NAME = demo;
			};
			name = Debug;
		};
		984F1481231A942200C6625F /* Release */ = {
			isa = XCBuildConfiguration;
			buildSettings = {
				ALWAYS_EMBED_SWIFT_STANDARD_LIBRARIES = YES;
				CODE_SIGN_STYLE = Automatic;
				INFOPLIST_FILE = demoUITests/Info.plist;
				LD_RUNPATH_SEARCH_PATHS = (
					"$(inherited)",
					"@executable_path/Frameworks",
					"@loader_path/Frameworks",
				);
				PRODUCT_BUNDLE_IDENTIFIER = brn.demoUITests;
				PRODUCT_NAME = "$(TARGET_NAME)";
				SWIFT_VERSION = 4.2;
				TARGETED_DEVICE_FAMILY = "1,2";
				TEST_TARGET_NAME = demo;
			};
			name = Release;
		};
/* End XCBuildConfiguration section */

/* Begin XCConfigurationList section */
		984F144C231A942100C6625F /* Build configuration list for PBXProject "demo" */ = {
			isa = XCConfigurationList;
			buildConfigurations = (
				984F1477231A942200C6625F /* Debug */,
				984F1478231A942200C6625F /* Release */,
			);
			defaultConfigurationIsVisible = 0;
			defaultConfigurationName = Release;
		};
		984F1479231A942200C6625F /* Build configuration list for PBXNativeTarget "demo" */ = {
			isa = XCConfigurationList;
			buildConfigurations = (
				984F147A231A942200C6625F /* Debug */,
				984F147B231A942200C6625F /* Release */,
			);
			defaultConfigurationIsVisible = 0;
			defaultConfigurationName = Release;
		};
		984F147C231A942200C6625F /* Build configuration list for PBXNativeTarget "demoTests" */ = {
			isa = XCConfigurationList;
			buildConfigurations = (
				984F147D231A942200C6625F /* Debug */,
				984F147E231A942200C6625F /* Release */,
			);
			defaultConfigurationIsVisible = 0;
			defaultConfigurationName = Release;
		};
		984F147F231A942200C6625F /* Build configuration list for PBXNativeTarget "demoUITests" */ = {
			isa = XCConfigurationList;
			buildConfigurations = (
				984F1480231A942200C6625F /* Debug */,
				984F1481231A942200C6625F /* Release */,
			);
			defaultConfigurationIsVisible = 0;
			defaultConfigurationName = Release;
		};
/* End XCConfigurationList section */
	};
	rootObject = 984F1449231A942100C6625F /* Project object */;
}
